
Microsoft Visual Studio Solution File, Format Version 12.00
# Visual Studio Version 16
VisualStudioVersion = 16.0.31229.75
MinimumVisualStudioVersion = 10.0.40219.1
Project("{9A19103F-16F7-4668-BE54-9A1E7A4F7556}") = "ObserverTemperaturePattern", "Observer\ObserverTemperaturePattern\ObserverTemperaturePattern.csproj", "{1C50E238-CBE2-4B8A-9C9C-13780BCC0A99}"
EndProject
Project("{FAE04EC0-301F-11D3-BF4B-00C04F79EFBC}") = "AirportBaggage", "Observer\AirportBaggage\AirportBaggage.csproj", "{C2F8984D-B89D-49C4-8F2F-6ACD445BD16B}"
EndProject
Global
	GlobalSection(SolutionConfigurationPlatforms) = preSolution
		Debug|Any CPU = Debug|Any CPU
		Release|Any CPU = Release|Any CPU
	EndGlobalSection
	GlobalSection(ProjectConfigurationPlatforms) = postSolution
		{1C50E238-CBE2-4B8A-9C9C-13780BCC0A99}.Debug|Any CPU.ActiveCfg = Debug|Any CPU
		{1C50E238-CBE2-4B8A-9C9C-13780BCC0A99}.Debug|Any CPU.Build.0 = Debug|Any CPU
		{1C50E238-CBE2-4B8A-9C9C-13780BCC0A99}.Release|Any CPU.ActiveCfg = Release|Any CPU
		{1C50E238-CBE2-4B8A-9C9C-13780BCC0A99}.Release|Any CPU.Build.0 = Release|Any CPU
		{C2F8984D-B89D-49C4-8F2F-6ACD445BD16B}.Debug|Any CPU.ActiveCfg = Debug|Any CPU
		{C2F8984D-B89D-49C4-8F2F-6ACD445BD16B}.Debug|Any CPU.Build.0 = Debug|Any CPU
		{C2F8984D-B89D-49C4-8F2F-6ACD445BD16B}.Release|Any CPU.ActiveCfg = Release|Any CPU
		{C2F8984D-B89D-49C4-8F2F-6ACD445BD16B}.Release|Any CPU.Build.0 = Release|Any CPU
	EndGlobalSection
	GlobalSection(SolutionProperties) = preSolution
		HideSolutionNode = FALSE
	EndGlobalSection
	GlobalSection(ExtensibilityGlobals) = postSolution
		SolutionGuid = {0644D087-17CF-4BF6-A306-CB32172DB7DE}
	EndGlobalSection
EndGlobal
